
Microsoft Visual Studio Solution File, Format Version 11.00
# Visual Studio 2010
Project("{E24C65DC-7377-472B-9ABA-BC803B73C61A}") = "Webbergis", ".", "{3AB4F63A-EC64-4576-8E84-AC4C2986B2A5}"
	ProjectSection(WebsiteProperties) = preProject
		TargetFrameworkMoniker = ".NETFramework,Version%3Dv3.5"
		Debug.AspNetCompiler.VirtualPath = "/Webbergis"
		Debug.AspNetCompiler.PhysicalPath = "..\..\..\..\..\..\Projekt\Bergskraft 2012\Webbergis\"
		Debug.AspNetCompiler.TargetPath = "PrecompiledWeb\Webbergis\"
		Debug.AspNetCompiler.Updateable = "true"
		Debug.AspNetCompiler.ForceOverwrite = "true"
		Debug.AspNetCompiler.FixedNames = "false"
		Debug.AspNetCompiler.Debug = "True"
		Release.AspNetCompiler.VirtualPath = "/Webbergis"
		Release.AspNetCompiler.PhysicalPath = "..\..\..\..\..\..\Projekt\Bergskraft 2012\Webbergis\"
		Release.AspNetCompiler.TargetPath = "PrecompiledWeb\Webbergis\"
		Release.AspNetCompiler.Updateable = "true"
		Release.AspNetCompiler.ForceOverwrite = "true"
		Release.AspNetCompiler.FixedNames = "false"
		Release.AspNetCompiler.Debug = "False"
		VWDPort = "50878"
	EndProjectSection
EndProject
Global
	GlobalSection(SolutionConfigurationPlatforms) = preSolution
		Debug|Any CPU = Debug|Any CPU
	EndGlobalSection
	GlobalSection(ProjectConfigurationPlatforms) = postSolution
		{3AB4F63A-EC64-4576-8E84-AC4C2986B2A5}.Debug|Any CPU.ActiveCfg = Debug|Any CPU
		{3AB4F63A-EC64-4576-8E84-AC4C2986B2A5}.Debug|Any CPU.Build.0 = Debug|Any CPU
	EndGlobalSection
	GlobalSection(SolutionProperties) = preSolution
		HideSolutionNode = FALSE
	EndGlobalSection
EndGlobal
